// !$*UTF8*$!
{
	archiveVersion = 1;
	classes = {
	};
	objectVersion = 55;
	objects = {

/* Begin PBXBuildFile section */
		8A7314E428C8F25900BE8C9F /* Tests_iOS.swift in Sources */ = {isa = PBXBuildFile; fileRef = 8A7314E328C8F25900BE8C9F /* Tests_iOS.swift */; };
		8A7314E628C8F25900BE8C9F /* Tests_iOSLaunchTests.swift in Sources */ = {isa = PBXBuildFile; fileRef = 8A7314E528C8F25900BE8C9F /* Tests_iOSLaunchTests.swift */; };
		8A7314F028C8F25900BE8C9F /* Tests_macOS.swift in Sources */ = {isa = PBXBuildFile; fileRef = 8A7314EF28C8F25900BE8C9F /* Tests_macOS.swift */; };
		8A7314F228C8F25900BE8C9F /* Tests_macOSLaunchTests.swift in Sources */ = {isa = PBXBuildFile; fileRef = 8A7314F128C8F25900BE8C9F /* Tests_macOSLaunchTests.swift */; };
		8A7314F328C8F25900BE8C9F /* firstProjectApp.swift in Sources */ = {isa = PBXBuildFile; fileRef = 8A7314CB28C8F25700BE8C9F /* firstProjectApp.swift */; };
		8A7314F428C8F25900BE8C9F /* firstProjectApp.swift in Sources */ = {isa = PBXBuildFile; fileRef = 8A7314CB28C8F25700BE8C9F /* firstProjectApp.swift */; };
		8A7314F528C8F25900BE8C9F /* ContentView.swift in Sources */ = {isa = PBXBuildFile; fileRef = 8A7314CC28C8F25700BE8C9F /* ContentView.swift */; };
		8A7314F628C8F25900BE8C9F /* ContentView.swift in Sources */ = {isa = PBXBuildFile; fileRef = 8A7314CC28C8F25700BE8C9F /* ContentView.swift */; };
		8A7314F728C8F25900BE8C9F /* Assets.xcassets in Resources */ = {isa = PBXBuildFile; fileRef = 8A7314CD28C8F25900BE8C9F /* Assets.xcassets */; };
		8A7314F828C8F25900BE8C9F /* Assets.xcassets in Resources */ = {isa = PBXBuildFile; fileRef = 8A7314CD28C8F25900BE8C9F /* Assets.xcassets */; };
/* End PBXBuildFile section */

/* Begin PBXContainerItemProxy section */
		8A7314E028C8F25900BE8C9F /* PBXContainerItemProxy */ = {
			isa = PBXContainerItemProxy;
			containerPortal = 8A7314C628C8F25600BE8C9F /* Project object */;
			proxyType = 1;
			remoteGlobalIDString = 8A7314D128C8F25900BE8C9F;
			remoteInfo = "firstProject (iOS)";
		};
		8A7314EC28C8F25900BE8C9F /* PBXContainerItemProxy */ = {
			isa = PBXContainerItemProxy;
			containerPortal = 8A7314C628C8F25600BE8C9F /* Project object */;
			proxyType = 1;
			remoteGlobalIDString = 8A7314D728C8F25900BE8C9F;
			remoteInfo = "firstProject (macOS)";
		};
/* End PBXContainerItemProxy section */

/* Begin PBXFileReference section */
		8A7314CB28C8F25700BE8C9F /* firstProjectApp.swift */ = {isa = PBXFileReference; lastKnownFileType = sourcecode.swift; path = firstProjectApp.swift; sourceTree = "<group>"; };
		8A7314CC28C8F25700BE8C9F /* ContentView.swift */ = {isa = PBXFileReference; lastKnownFileType = sourcecode.swift; path = ContentView.swift; sourceTree = "<group>"; };
		8A7314CD28C8F25900BE8C9F /* Assets.xcassets */ = {isa = PBXFileReference; lastKnownFileType = folder.assetcatalog; path = Assets.xcassets; sourceTree = "<group>"; };
		8A7314D228C8F25900BE8C9F /* firstProject.app */ = {isa = PBXFileReference; explicitFileType = wrapper.application; includeInIndex = 0; path = firstProject.app; sourceTree = BUILT_PRODUCTS_DIR; };
		8A7314D828C8F25900BE8C9F /* firstProject.app */ = {isa = PBXFileReference; explicitFileType = wrapper.application; includeInIndex = 0; path = firstProject.app; sourceTree = BUILT_PRODUCTS_DIR; };
		8A7314DA28C8F25900BE8C9F /* macOS.entitlements */ = {isa = PBXFileReference; lastKnownFileType = text.plist.entitlements; path = macOS.entitlements; sourceTree = "<group>"; };
		8A7314DF28C8F25900BE8C9F /* Tests iOS.xctest */ = {isa = PBXFileReference; explicitFileType = wrapper.cfbundle; includeInIndex = 0; path = "Tests iOS.xctest"; sourceTree = BUILT_PRODUCTS_DIR; };
		8A7314E328C8F25900BE8C9F /* Tests_iOS.swift */ = {isa = PBXFileReference; lastKnownFileType = sourcecode.swift; path = Tests_iOS.swift; sourceTree = "<group>"; };
		8A7314E528C8F25900BE8C9F /* Tests_iOSLaunchTests.swift */ = {isa = PBXFileReference; lastKnownFileType = sourcecode.swift; path = Tests_iOSLaunchTests.swift; sourceTree = "<group>"; };
		8A7314EB28C8F25900BE8C9F /* Tests macOS.xctest */ = {isa = PBXFileReference; explicitFileType = wrapper.cfbundle; includeInIndex = 0; path = "Tests macOS.xctest"; sourceTree = BUILT_PRODUCTS_DIR; };
		8A7314EF28C8F25900BE8C9F /* Tests_macOS.swift */ = {isa = PBXFileReference; lastKnownFileType = sourcecode.swift; path = Tests_macOS.swift; sourceTree = "<group>"; };
		8A7314F128C8F25900BE8C9F /* Tests_macOSLaunchTests.swift */ = {isa = PBXFileReference; lastKnownFileType = sourcecode.swift; path = Tests_macOSLaunchTests.swift; sourceTree = "<group>"; };
/* End PBXFileReference section */

/* Begin PBXFrameworksBuildPhase section */
		8A7314CF28C8F25900BE8C9F /* Frameworks */ = {
			isa = PBXFrameworksBuildPhase;
			buildActionMask = 2147483647;
			files = (
			);
			runOnlyForDeploymentPostprocessing = 0;
		};
		8A7314D528C8F25900BE8C9F /* Frameworks */ = {
			isa = PBXFrameworksBuildPhase;
			buildActionMask = 2147483647;
			files = (
			);
			runOnlyForDeploymentPostprocessing = 0;
		};
		8A7314DC28C8F25900BE8C9F /* Frameworks */ = {
			isa = PBXFrameworksBuildPhase;
			buildActionMask = 2147483647;
			files = (
			);
			runOnlyForDeploymentPostprocessing = 0;
		};
		8A7314E828C8F25900BE8C9F /* Frameworks */ = {
			isa = PBXFrameworksBuildPhase;
			buildActionMask = 2147483647;
			files = (
			);
			runOnlyForDeploymentPostprocessing = 0;
		};
/* End PBXFrameworksBuildPhase section */

/* Begin PBXGroup section */
		8A7314C528C8F25600BE8C9F = {
			isa = PBXGroup;
			children = (
				8A7314CA28C8F25700BE8C9F /* Shared */,
				8A7314E228C8F25900BE8C9F /* Tests iOS */,
				8A7314EE28C8F25900BE8C9F /* Tests macOS */,
				8A7314D328C8F25900BE8C9F /* Products */,
			);
			sourceTree = "<group>";
		};
		8A7314CA28C8F25700BE8C9F /* Shared */ = {
			isa = PBXGroup;
			children = (
				8A7314D928C8F25900BE8C9F /* macOS */,
				8A7314CB28C8F25700BE8C9F /* firstProjectApp.swift */,
				8A7314CC28C8F25700BE8C9F /* ContentView.swift */,
				8A7314CD28C8F25900BE8C9F /* Assets.xcassets */,
			);
			path = Shared;
			sourceTree = "<group>";
		};
		8A7314D328C8F25900BE8C9F /* Products */ = {
			isa = PBXGroup;
			children = (
				8A7314D228C8F25900BE8C9F /* firstProject.app */,
				8A7314D828C8F25900BE8C9F /* firstProject.app */,
				8A7314DF28C8F25900BE8C9F /* Tests iOS.xctest */,
				8A7314EB28C8F25900BE8C9F /* Tests macOS.xctest */,
			);
			name = Products;
			sourceTree = "<group>";
		};
		8A7314D928C8F25900BE8C9F /* macOS */ = {
			isa = PBXGroup;
			children = (
				8A7314DA28C8F25900BE8C9F /* macOS.entitlements */,
			);
			path = macOS;
			sourceTree = "<group>";
		};
		8A7314E228C8F25900BE8C9F /* Tests iOS */ = {
			isa = PBXGroup;
			children = (
				8A7314E328C8F25900BE8C9F /* Tests_iOS.swift */,
				8A7314E528C8F25900BE8C9F /* Tests_iOSLaunchTests.swift */,
			);
			path = "Tests iOS";
			sourceTree = "<group>";
		};
		8A7314EE28C8F25900BE8C9F /* Tests macOS */ = {
			isa = PBXGroup;
			children = (
				8A7314EF28C8F25900BE8C9F /* Tests_macOS.swift */,
				8A7314F128C8F25900BE8C9F /* Tests_macOSLaunchTests.swift */,
			);
			path = "Tests macOS";
			sourceTree = "<group>";
		};
/* End PBXGroup section */

/* Begin PBXNativeTarget section */
		8A7314D128C8F25900BE8C9F /* firstProject (iOS) */ = {
			isa = PBXNativeTarget;
			buildConfigurationList = 8A7314FB28C8F25900BE8C9F /* Build configuration list for PBXNativeTarget "firstProject (iOS)" */;
			buildPhases = (
				8A7314CE28C8F25900BE8C9F /* Sources */,
				8A7314CF28C8F25900BE8C9F /* Frameworks */,
				8A7314D028C8F25900BE8C9F /* Resources */,
			);
			buildRules = (
			);
			dependencies = (
			);
			name = "firstProject (iOS)";
			productName = "firstProject (iOS)";
			productReference = 8A7314D228C8F25900BE8C9F /* firstProject.app */;
			productType = "com.apple.product-type.application";
		};
		8A7314D728C8F25900BE8C9F /* firstProject (macOS) */ = {
			isa = PBXNativeTarget;
			buildConfigurationList = 8A7314FE28C8F25900BE8C9F /* Build configuration list for PBXNativeTarget "firstProject (macOS)" */;
			buildPhases = (
				8A7314D428C8F25900BE8C9F /* Sources */,
				8A7314D528C8F25900BE8C9F /* Frameworks */,
				8A7314D628C8F25900BE8C9F /* Resources */,
			);
			buildRules = (
			);
			dependencies = (
			);
			name = "firstProject (macOS)";
			productName = "firstProject (macOS)";
			productReference = 8A7314D828C8F25900BE8C9F /* firstProject.app */;
			productType = "com.apple.product-type.application";
		};
		8A7314DE28C8F25900BE8C9F /* Tests iOS */ = {
			isa = PBXNativeTarget;
			buildConfigurationList = 8A73150128C8F25900BE8C9F /* Build configuration list for PBXNativeTarget "Tests iOS" */;
			buildPhases = (
				8A7314DB28C8F25900BE8C9F /* Sources */,
				8A7314DC28C8F25900BE8C9F /* Frameworks */,
				8A7314DD28C8F25900BE8C9F /* Resources */,
			);
			buildRules = (
			);
			dependencies = (
				8A7314E128C8F25900BE8C9F /* PBXTargetDependency */,
			);
			name = "Tests iOS";
			productName = "Tests iOS";
			productReference = 8A7314DF28C8F25900BE8C9F /* Tests iOS.xctest */;
			productType = "com.apple.product-type.bundle.ui-testing";
		};
		8A7314EA28C8F25900BE8C9F /* Tests macOS */ = {
			isa = PBXNativeTarget;
			buildConfigurationList = 8A73150428C8F25900BE8C9F /* Build configuration list for PBXNativeTarget "Tests macOS" */;
			buildPhases = (
				8A7314E728C8F25900BE8C9F /* Sources */,
				8A7314E828C8F25900BE8C9F /* Frameworks */,
				8A7314E928C8F25900BE8C9F /* Resources */,
			);
			buildRules = (
			);
			dependencies = (
				8A7314ED28C8F25900BE8C9F /* PBXTargetDependency */,
			);
			name = "Tests macOS";
			productName = "Tests macOS";
			productReference = 8A7314EB28C8F25900BE8C9F /* Tests macOS.xctest */;
			productType = "com.apple.product-type.bundle.ui-testing";
		};
/* End PBXNativeTarget section */

/* Begin PBXProject section */
		8A7314C628C8F25600BE8C9F /* Project object */ = {
			isa = PBXProject;
			attributes = {
				BuildIndependentTargetsInParallel = 1;
				LastSwiftUpdateCheck = 1340;
				LastUpgradeCheck = 1340;
				TargetAttributes = {
					8A7314D128C8F25900BE8C9F = {
						CreatedOnToolsVersion = 13.4.1;
					};
					8A7314D728C8F25900BE8C9F = {
						CreatedOnToolsVersion = 13.4.1;
					};
					8A7314DE28C8F25900BE8C9F = {
						CreatedOnToolsVersion = 13.4.1;
						TestTargetID = 8A7314D128C8F25900BE8C9F;
					};
					8A7314EA28C8F25900BE8C9F = {
						CreatedOnToolsVersion = 13.4.1;
						TestTargetID = 8A7314D728C8F25900BE8C9F;
					};
				};
			};
			buildConfigurationList = 8A7314C928C8F25600BE8C9F /* Build configuration list for PBXProject "firstProject" */;
			compatibilityVersion = "Xcode 13.0";
			developmentRegion = en;
			hasScannedForEncodings = 0;
			knownRegions = (
				en,
				Base,
			);
			mainGroup = 8A7314C528C8F25600BE8C9F;
			productRefGroup = 8A7314D328C8F25900BE8C9F /* Products */;
			projectDirPath = "";
			projectRoot = "";
			targets = (
				8A7314D128C8F25900BE8C9F /* firstProject (iOS) */,
				8A7314D728C8F25900BE8C9F /* firstProject (macOS) */,
				8A7314DE28C8F25900BE8C9F /* Tests iOS */,
				8A7314EA28C8F25900BE8C9F /* Tests macOS */,
			);
		};
/* End PBXProject section */

/* Begin PBXResourcesBuildPhase section */
		8A7314D028C8F25900BE8C9F /* Resources */ = {
			isa = PBXResourcesBuildPhase;
			buildActionMask = 2147483647;
			files = (
				8A7314F728C8F25900BE8C9F /* Assets.xcassets in Resources */,
			);
			runOnlyForDeploymentPostprocessing = 0;
		};
		8A7314D628C8F25900BE8C9F /* Resources */ = {
			isa = PBXResourcesBuildPhase;
			buildActionMask = 2147483647;
			files = (
				8A7314F828C8F25900BE8C9F /* Assets.xcassets in Resources */,
			);
			runOnlyForDeploymentPostprocessing = 0;
		};
		8A7314DD28C8F25900BE8C9F /* Resources */ = {
			isa = PBXResourcesBuildPhase;
			buildActionMask = 2147483647;
			files = (
			);
			runOnlyForDeploymentPostprocessing = 0;
		};
		8A7314E928C8F25900BE8C9F /* Resources */ = {
			isa = PBXResourcesBuildPhase;
			buildActionMask = 2147483647;
			files = (
			);
			runOnlyForDeploymentPostprocessing = 0;
		};
/* End PBXResourcesBuildPhase section */

/* Begin PBXSourcesBuildPhase section */
		8A7314CE28C8F25900BE8C9F /* Sources */ = {
			isa = PBXSourcesBuildPhase;
			buildActionMask = 2147483647;
			files = (
				8A7314F528C8F25900BE8C9F /* ContentView.swift in Sources */,
				8A7314F328C8F25900BE8C9F /* firstProjectApp.swift in Sources */,
			);
			runOnlyForDeploymentPostprocessing = 0;
		};
		8A7314D428C8F25900BE8C9F /* Sources */ = {
			isa = PBXSourcesBuildPhase;
			buildActionMask = 2147483647;
			files = (
				8A7314F628C8F25900BE8C9F /* ContentView.swift in Sources */,
				8A7314F428C8F25900BE8C9F /* firstProjectApp.swift in Sources */,
			);
			runOnlyForDeploymentPostprocessing = 0;
		};
		8A7314DB28C8F25900BE8C9F /* Sources */ = {
			isa = PBXSourcesBuildPhase;
			buildActionMask = 2147483647;
			files = (
				8A7314E628C8F25900BE8C9F /* Tests_iOSLaunchTests.swift in Sources */,
				8A7314E428C8F25900BE8C9F /* Tests_iOS.swift in Sources */,
			);
			runOnlyForDeploymentPostprocessing = 0;
		};
		8A7314E728C8F25900BE8C9F /* Sources */ = {
			isa = PBXSourcesBuildPhase;
			buildActionMask = 2147483647;
			files = (
				8A7314F228C8F25900BE8C9F /* Tests_macOSLaunchTests.swift in Sources */,
				8A7314F028C8F25900BE8C9F /* Tests_macOS.swift in Sources */,
			);
			runOnlyForDeploymentPostprocessing = 0;
		};
/* End PBXSourcesBuildPhase section */

/* Begin PBXTargetDependency section */
		8A7314E128C8F25900BE8C9F /* PBXTargetDependency */ = {
			isa = PBXTargetDependency;
			target = 8A7314D128C8F25900BE8C9F /* firstProject (iOS) */;
			targetProxy = 8A7314E028C8F25900BE8C9F /* PBXContainerItemProxy */;
		};
		8A7314ED28C8F25900BE8C9F /* PBXTargetDependency */ = {
			isa = PBXTargetDependency;
			target = 8A7314D728C8F25900BE8C9F /* firstProject (macOS) */;
			targetProxy = 8A7314EC28C8F25900BE8C9F /* PBXContainerItemProxy */;
		};
/* End PBXTargetDependency section */

/* Begin XCBuildConfiguration section */
		8A7314F928C8F25900BE8C9F /* Debug */ = {
			isa = XCBuildConfiguration;
			buildSettings = {
				ALWAYS_SEARCH_USER_PATHS = NO;
				CLANG_ANALYZER_NONNULL = YES;
				CLANG_ANALYZER_NUMBER_OBJECT_CONVERSION = YES_AGGRESSIVE;
				CLANG_CXX_LANGUAGE_STANDARD = "gnu++17";
				CLANG_ENABLE_MODULES = YES;
				CLANG_ENABLE_OBJC_ARC = YES;
				CLANG_ENABLE_OBJC_WEAK = YES;
				CLANG_WARN_BLOCK_CAPTURE_AUTORELEASING = YES;
				CLANG_WARN_BOOL_CONVERSION = YES;
				CLANG_WARN_COMMA = YES;
				CLANG_WARN_CONSTANT_CONVERSION = YES;
				CLANG_WARN_DEPRECATED_OBJC_IMPLEMENTATIONS = YES;
				CLANG_WARN_DIRECT_OBJC_ISA_USAGE = YES_ERROR;
				CLANG_WARN_DOCUMENTATION_COMMENTS = YES;
				CLANG_WARN_EMPTY_BODY = YES;
				CLANG_WARN_ENUM_CONVERSION = YES;
				CLANG_WARN_INFINITE_RECURSION = YES;
				CLANG_WARN_INT_CONVERSION = YES;
				CLANG_WARN_NON_LITERAL_NULL_CONVERSION = YES;
				CLANG_WARN_OBJC_IMPLICIT_RETAIN_SELF = YES;
				CLANG_WARN_OBJC_LITERAL_CONVERSION = YES;
				CLANG_WARN_OBJC_ROOT_CLASS = YES_ERROR;
				CLANG_WARN_QUOTED_INCLUDE_IN_FRAMEWORK_HEADER = YES;
				CLANG_WARN_RANGE_LOOP_ANALYSIS = YES;
				CLANG_WARN_STRICT_PROTOTYPES = YES;
				CLANG_WARN_SUSPICIOUS_MOVE = YES;
				CLANG_WARN_UNGUARDED_AVAILABILITY = YES_AGGRESSIVE;
				CLANG_WARN_UNREACHABLE_CODE = YES;
				CLANG_WARN__DUPLICATE_METHOD_MATCH = YES;
				COPY_PHASE_STRIP = NO;
				DEBUG_INFORMATION_FORMAT = dwarf;
				ENABLE_STRICT_OBJC_MSGSEND = YES;
				ENABLE_TESTABILITY = YES;
				GCC_C_LANGUAGE_STANDARD = gnu11;
				GCC_DYNAMIC_NO_PIC = NO;
				GCC_NO_COMMON_BLOCKS = YES;
				GCC_OPTIMIZATION_LEVEL = 0;
				GCC_PREPROCESSOR_DEFINITIONS = (
					"DEBUG=1",
					"$(inherited)",
				);
				GCC_WARN_64_TO_32_BIT_CONVERSION = YES;
				GCC_WARN_ABOUT_RETURN_TYPE = YES_ERROR;
				GCC_WARN_UNDECLARED_SELECTOR = YES;
				GCC_WARN_UNINITIALIZED_AUTOS = YES_AGGRESSIVE;
				GCC_WARN_UNUSED_FUNCTION = YES;
				GCC_WARN_UNUSED_VARIABLE = YES;
				MTL_ENABLE_DEBUG_INFO = INCLUDE_SOURCE;
				MTL_FAST_MATH = YES;
				ONLY_ACTIVE_ARCH = YES;
				SWIFT_ACTIVE_COMPILATION_CONDITIONS = DEBUG;
				SWIFT_OPTIMIZATION_LEVEL = "-Onone";
			};
			name = Debug;
		};
		8A7314FA28C8F25900BE8C9F /* Release */ = {
			isa = XCBuildConfiguration;
			buildSettings = {
				ALWAYS_SEARCH_USER_PATHS = NO;
				CLANG_ANALYZER_NONNULL = YES;
				CLANG_ANALYZER_NUMBER_OBJECT_CONVERSION = YES_AGGRESSIVE;
				CLANG_CXX_LANGUAGE_STANDARD = "gnu++17";
				CLANG_ENABLE_MODULES = YES;
				CLANG_ENABLE_OBJC_ARC = YES;
				CLANG_ENABLE_OBJC_WEAK = YES;
				CLANG_WARN_BLOCK_CAPTURE_AUTORELEASING = YES;
				CLANG_WARN_BOOL_CONVERSION = YES;
				CLANG_WARN_COMMA = YES;
				CLANG_WARN_CONSTANT_CONVERSION = YES;
				CLANG_WARN_DEPRECATED_OBJC_IMPLEMENTATIONS = YES;
				CLANG_WARN_DIRECT_OBJC_ISA_USAGE = YES_ERROR;
				CLANG_WARN_DOCUMENTATION_COMMENTS = YES;
				CLANG_WARN_EMPTY_BODY = YES;
				CLANG_WARN_ENUM_CONVERSION = YES;
				CLANG_WARN_INFINITE_RECURSION = YES;
				CLANG_WARN_INT_CONVERSION = YES;
				CLANG_WARN_NON_LITERAL_NULL_CONVERSION = YES;
				CLANG_WARN_OBJC_IMPLICIT_RETAIN_SELF = YES;
				CLANG_WARN_OBJC_LITERAL_CONVERSION = YES;
				CLANG_WARN_OBJC_ROOT_CLASS = YES_ERROR;
				CLANG_WARN_QUOTED_INCLUDE_IN_FRAMEWORK_HEADER = YES;
				CLANG_WARN_RANGE_LOOP_ANALYSIS = YES;
				CLANG_WARN_STRICT_PROTOTYPES = YES;
				CLANG_WARN_SUSPICIOUS_MOVE = YES;
				CLANG_WARN_UNGUARDED_AVAILABILITY = YES_AGGRESSIVE;
				CLANG_WARN_UNREACHABLE_CODE = YES;
				CLANG_WARN__DUPLICATE_METHOD_MATCH = YES;
				COPY_PHASE_STRIP = NO;
				DEBUG_INFORMATION_FORMAT = "dwarf-with-dsym";
				ENABLE_NS_ASSERTIONS = NO;
				ENABLE_STRICT_OBJC_MSGSEND = YES;
				GCC_C_LANGUAGE_STANDARD = gnu11;
				GCC_NO_COMMON_BLOCKS = YES;
				GCC_WARN_64_TO_32_BIT_CONVERSION = YES;
				GCC_WARN_ABOUT_RETURN_TYPE = YES_ERROR;
				GCC_WARN_UNDECLARED_SELECTOR = YES;
				GCC_WARN_UNINITIALIZED_AUTOS = YES_AGGRESSIVE;
				GCC_WARN_UNUSED_FUNCTION = YES;
				GCC_WARN_UNUSED_VARIABLE = YES;
				MTL_ENABLE_DEBUG_INFO = NO;
				MTL_FAST_MATH = YES;
				SWIFT_COMPILATION_MODE = wholemodule;
				SWIFT_OPTIMIZATION_LEVEL = "-O";
			};
			name = Release;
		};
		8A7314FC28C8F25900BE8C9F /* Debug */ = {
			isa = XCBuildConfiguration;
			buildSettings = {
				ASSETCATALOG_COMPILER_APPICON_NAME = AppIcon;
				ASSETCATALOG_COMPILER_GLOBAL_ACCENT_COLOR_NAME = AccentColor;
				CODE_SIGN_STYLE = Automatic;
				CURRENT_PROJECT_VERSION = 1;
				DEVELOPMENT_TEAM = 4L7LRQF72J;
				ENABLE_PREVIEWS = YES;
				GENERATE_INFOPLIST_FILE = YES;
				INFOPLIST_KEY_UIApplicationSceneManifest_Generation = YES;
				INFOPLIST_KEY_UIApplicationSupportsIndirectInputEvents = YES;
				INFOPLIST_KEY_UILaunchScreen_Generation = YES;
				INFOPLIST_KEY_UISupportedInterfaceOrientations_iPad = "UIInterfaceOrientationPortrait UIInterfaceOrientationPortraitUpsideDown UIInterfaceOrientationLandscapeLeft UIInterfaceOrientationLandscapeRight";
				INFOPLIST_KEY_UISupportedInterfaceOrientations_iPhone = "UIInterfaceOrientationPortrait UIInterfaceOrientationLandscapeLeft UIInterfaceOrientationLandscapeRight";
				IPHONEOS_DEPLOYMENT_TARGET = 15.5;
				LD_RUNPATH_SEARCH_PATHS = (
					"$(inherited)",
					"@executable_path/Frameworks",
				);
				MARKETING_VERSION = 1.0;
				PRODUCT_BUNDLE_IDENTIFIER = dlsd.firstProject;
				PRODUCT_NAME = firstProject;
				SDKROOT = iphoneos;
				SWIFT_EMIT_LOC_STRINGS = YES;
				SWIFT_VERSION = 5.0;
				TARGETED_DEVICE_FAMILY = "1,2";
			};
			name = Debug;
		};
		8A7314FD28C8F25900BE8C9F /* Release */ = {
			isa = XCBuildConfiguration;
			buildSettings = {
				ASSETCATALOG_COMPILER_APPICON_NAME = AppIcon;
				ASSETCATALOG_COMPILER_GLOBAL_ACCENT_COLOR_NAME = AccentColor;
				CODE_SIGN_STYLE = Automatic;
				CURRENT_PROJECT_VERSION = 1;
				DEVELOPMENT_TEAM = 4L7LRQF72J;
				ENABLE_PREVIEWS = YES;
				GENERATE_INFOPLIST_FILE = YES;
				INFOPLIST_KEY_UIApplicationSceneManifest_Generation = YES;
				INFOPLIST_KEY_UIApplicationSupportsIndirectInputEvents = YES;
				INFOPLIST_KEY_UILaunchScreen_Generation = YES;
				INFOPLIST_KEY_UISupportedInterfaceOrientations_iPad = "UIInterfaceOrientationPortrait UIInterfaceOrientationPortraitUpsideDown UIInterfaceOrientationLandscapeLeft UIInterfaceOrientationLandscapeRight";
				INFOPLIST_KEY_UISupportedInterfaceOrientations_iPhone = "UIInterfaceOrientationPortrait UIInterfaceOrientationLandscapeLeft UIInterfaceOrientationLandscapeRight";
				IPHONEOS_DEPLOYMENT_TARGET = 15.5;
				LD_RUNPATH_SEARCH_PATHS = (
					"$(inherited)",
					"@executable_path/Frameworks",
				);
				MARKETING_VERSION = 1.0;
				PRODUCT_BUNDLE_IDENTIFIER = dlsd.firstProject;
				PRODUCT_NAME = firstProject;
				SDKROOT = iphoneos;
				SWIFT_EMIT_LOC_STRINGS = YES;
				SWIFT_VERSION = 5.0;
				TARGETED_DEVICE_FAMILY = "1,2";
				VALIDATE_PRODUCT = YES;
			};
			name = Release;
		};
		8A7314FF28C8F25900BE8C9F /* Debug */ = {
			isa = XCBuildConfiguration;
			buildSettings = {
				ASSETCATALOG_COMPILER_APPICON_NAME = AppIcon;
				ASSETCATALOG_COMPILER_GLOBAL_ACCENT_COLOR_NAME = AccentColor;
				CODE_SIGN_ENTITLEMENTS = macOS/macOS.entitlements;
				CODE_SIGN_STYLE = Automatic;
				COMBINE_HIDPI_IMAGES = YES;
				CURRENT_PROJECT_VERSION = 1;
				DEVELOPMENT_TEAM = 4L7LRQF72J;
				ENABLE_HARDENED_RUNTIME = YES;
				ENABLE_PREVIEWS = YES;
				GENERATE_INFOPLIST_FILE = YES;
				INFOPLIST_KEY_NSHumanReadableCopyright = "";
				LD_RUNPATH_SEARCH_PATHS = (
					"$(inherited)",
					"@executable_path/../Frameworks",
				);
				MACOSX_DEPLOYMENT_TARGET = 12.3;
				MARKETING_VERSION = 1.0;
				PRODUCT_BUNDLE_IDENTIFIER = dlsd.firstProject;
				PRODUCT_NAME = firstProject;
				SDKROOT = macosx;
				SWIFT_EMIT_LOC_STRINGS = YES;
				SWIFT_VERSION = 5.0;
			};
			name = Debug;
		};
		8A73150028C8F25900BE8C9F /* Release */ = {
			isa = XCBuildConfiguration;
			buildSettings = {
				ASSETCATALOG_COMPILER_APPICON_NAME = AppIcon;
				ASSETCATALOG_COMPILER_GLOBAL_ACCENT_COLOR_NAME = AccentColor;
				CODE_SIGN_ENTITLEMENTS = macOS/macOS.entitlements;
				CODE_SIGN_STYLE = Automatic;
				COMBINE_HIDPI_IMAGES = YES;
				CURRENT_PROJECT_VERSION = 1;
				DEVELOPMENT_TEAM = 4L7LRQF72J;
				ENABLE_HARDENED_RUNTIME = YES;
				ENABLE_PREVIEWS = YES;
				GENERATE_INFOPLIST_FILE = YES;
				INFOPLIST_KEY_NSHumanReadableCopyright = "";
				LD_RUNPATH_SEARCH_PATHS = (
					"$(inherited)",
					"@executable_path/../Frameworks",
				);
				MACOSX_DEPLOYMENT_TARGET = 12.3;
				MARKETING_VERSION = 1.0;
				PRODUCT_BUNDLE_IDENTIFIER = dlsd.firstProject;
				PRODUCT_NAME = firstProject;
				SDKROOT = macosx;
				SWIFT_EMIT_LOC_STRINGS = YES;
				SWIFT_VERSION = 5.0;
			};
			name = Release;
		};
		8A73150228C8F25900BE8C9F /* Debug */ = {
			isa = XCBuildConfiguration;
			buildSettings = {
				ALWAYS_EMBED_SWIFT_STANDARD_LIBRARIES = YES;
				CODE_SIGN_STYLE = Automatic;
				CURRENT_PROJECT_VERSION = 1;
				DEVELOPMENT_TEAM = 4L7LRQF72J;
				GENERATE_INFOPLIST_FILE = YES;
				IPHONEOS_DEPLOYMENT_TARGET = 15.5;
				MARKETING_VERSION = 1.0;
				PRODUCT_BUNDLE_IDENTIFIER = "dlsd.Tests-iOS";
				PRODUCT_NAME = "$(TARGET_NAME)";
				SDKROOT = iphoneos;
				SWIFT_EMIT_LOC_STRINGS = NO;
				SWIFT_VERSION = 5.0;
				TARGETED_DEVICE_FAMILY = "1,2";
				TEST_TARGET_NAME = "firstProject (iOS)";
			};
			name = Debug;
		};
		8A73150328C8F25900BE8C9F /* Release */ = {
			isa = XCBuildConfiguration;
			buildSettings = {
				ALWAYS_EMBED_SWIFT_STANDARD_LIBRARIES = YES;
				CODE_SIGN_STYLE = Automatic;
				CURRENT_PROJECT_VERSION = 1;
				DEVELOPMENT_TEAM = 4L7LRQF72J;
				GENERATE_INFOPLIST_FILE = YES;
				IPHONEOS_DEPLOYMENT_TARGET = 15.5;
				MARKETING_VERSION = 1.0;
				PRODUCT_BUNDLE_IDENTIFIER = "dlsd.Tests-iOS";
				PRODUCT_NAME = "$(TARGET_NAME)";
				SDKROOT = iphoneos;
				SWIFT_EMIT_LOC_STRINGS = NO;
				SWIFT_VERSION = 5.0;
				TARGETED_DEVICE_FAMILY = "1,2";
				TEST_TARGET_NAME = "firstProject (iOS)";
				VALIDATE_PRODUCT = YES;
			};
			name = Release;
		};
		8A73150528C8F25900BE8C9F /* Debug */ = {
			isa = XCBuildConfiguration;
			buildSettings = {
				ALWAYS_EMBED_SWIFT_STANDARD_LIBRARIES = YES;
				CODE_SIGN_STYLE = Automatic;
				CURRENT_PROJECT_VERSION = 1;
				DEVELOPMENT_TEAM = 4L7LRQF72J;
				GENERATE_INFOPLIST_FILE = YES;
				MACOSX_DEPLOYMENT_TARGET = 12.3;
				MARKETING_VERSION = 1.0;
				PRODUCT_BUNDLE_IDENTIFIER = "dlsd.Tests-macOS";
				PRODUCT_NAME = "$(TARGET_NAME)";
				SDKROOT = macosx;
				SWIFT_EMIT_LOC_STRINGS = NO;
				SWIFT_VERSION = 5.0;
				TEST_TARGET_NAME = "firstProject (macOS)";
			};
			name = Debug;
		};
		8A73150628C8F25900BE8C9F /* Release */ = {
			isa = XCBuildConfiguration;
			buildSettings = {
				ALWAYS_EMBED_SWIFT_STANDARD_LIBRARIES = YES;
				CODE_SIGN_STYLE = Automatic;
				CURRENT_PROJECT_VERSION = 1;
				DEVELOPMENT_TEAM = 4L7LRQF72J;
				GENERATE_INFOPLIST_FILE = YES;
				MACOSX_DEPLOYMENT_TARGET = 12.3;
				MARKETING_VERSION = 1.0;
				PRODUCT_BUNDLE_IDENTIFIER = "dlsd.Tests-macOS";
				PRODUCT_NAME = "$(TARGET_NAME)";
				SDKROOT = macosx;
				SWIFT_EMIT_LOC_STRINGS = NO;
				SWIFT_VERSION = 5.0;
				TEST_TARGET_NAME = "firstProject (macOS)";
			};
			name = Release;
		};
/* End XCBuildConfiguration section */

/* Begin XCConfigurationList section */
		8A7314C928C8F25600BE8C9F /* Build configuration list for PBXProject "firstProject" */ = {
			isa = XCConfigurationList;
			buildConfigurations = (
				8A7314F928C8F25900BE8C9F /* Debug */,
				8A7314FA28C8F25900BE8C9F /* Release */,
			);
			defaultConfigurationIsVisible = 0;
			defaultConfigurationName = Release;
		};
		8A7314FB28C8F25900BE8C9F /* Build configuration list for PBXNativeTarget "firstProject (iOS)" */ = {
			isa = XCConfigurationList;
			buildConfigurations = (
				8A7314FC28C8F25900BE8C9F /* Debug */,
				8A7314FD28C8F25900BE8C9F /* Release */,
			);
			defaultConfigurationIsVisible = 0;
			defaultConfigurationName = Release;
		};
		8A7314FE28C8F25900BE8C9F /* Build configuration list for PBXNativeTarget "firstProject (macOS)" */ = {
			isa = XCConfigurationList;
			buildConfigurations = (
				8A7314FF28C8F25900BE8C9F /* Debug */,
				8A73150028C8F25900BE8C9F /* Release */,
			);
			defaultConfigurationIsVisible = 0;
			defaultConfigurationName = Release;
		};
		8A73150128C8F25900BE8C9F /* Build configuration list for PBXNativeTarget "Tests iOS" */ = {
			isa = XCConfigurationList;
			buildConfigurations = (
				8A73150228C8F25900BE8C9F /* Debug */,
				8A73150328C8F25900BE8C9F /* Release */,
			);
			defaultConfigurationIsVisible = 0;
			defaultConfigurationName = Release;
		};
		8A73150428C8F25900BE8C9F /* Build configuration list for PBXNativeTarget "Tests macOS" */ = {
			isa = XCConfigurationList;
			buildConfigurations = (
				8A73150528C8F25900BE8C9F /* Debug */,
				8A73150628C8F25900BE8C9F /* Release */,
			);
			defaultConfigurationIsVisible = 0;
			defaultConfigurationName = Release;
		};
/* End XCConfigurationList section */
	};
	rootObject = 8A7314C628C8F25600BE8C9F /* Project object */;
}
